{
  "name": "typescript-3.7-egghead",
  "version": "1.0.0",
  "lockfileVersion": 1,
  "requires": true,
  "dependencies": {
    "typescript": {
      "version": "3.7.0-dev.20191004",
      "resolved": "https://registry.npmjs.org/typescript/-/typescript-3.7.0-dev.20191004.tgz",
      "integrity": "sha512-HoDEBY2LsQv5STXCw1Mt/xylYhGUeymFzHWV+5NGl2hCxLDeNmYmV38tlFoCSK2RQkFTpE2Fr9jQ6OzWiWgrpQ==",
      "dev": true
    }
  }
}
